PODS:
  - Alamofire (5.2.1)
  - AlamofireImage (4.1.0):
    - Alamofire (~> 5.1)
  - Moya (14.0.0):
    - Moya/Core (= 14.0.0)
  - Moya/Core (14.0.0):
    - Alamofire (~> 5.0)
  - SwiftMessages (7.0.1):
    - SwiftMessages/App (= 7.0.1)
  - SwiftMessages/App (7.0.1)

DEPENDENCIES:
  - AlamofireImage
  - Moya
  - SwiftMessages

SPEC REPOS:
  trunk:
    - Alamofire
    - AlamofireImage
    - Moya
    - SwiftMessages

SPEC CHECKSUMS:
  Alamofire: e911732990610fe89af59ac0077f923d72dc3dfd
  AlamofireImage: c4a2ba349885fb3064feb74d2e547bd42ce9be10
  Moya: 5b45dacb75adb009f97fde91c204c1e565d31916
  SwiftMessages: b577dc7043be8b299857ab35bb663dbff6483bd0

PODFILE CHECKSUM: edab7e2524de81bee2db9eb0250bb951d69efb9a

COCOAPODS: 1.9.3
